
Microsoft Visual Studio Solution File, Format Version 12.00
# Visual Studio Version 16
VisualStudioVersion = 16.0.30011.22
MinimumVisualStudioVersion = 10.0.40219.1
Project("{9A19103F-16F7-4668-BE54-9A1E7A4F7556}") = "Exam", "Exam\Exam.csproj", "{1D321C55-9602-435A-93ED-084D43B7D308}"
EndProject
Project("{FAE04EC0-301F-11D3-BF4B-00C04F79EFBC}") = "DataAccess", "DataAccess\DataAccess.csproj", "{725F1D2E-0052-47CD-9D90-0E6CBF0A113A}"
EndProject
Project("{FAE04EC0-301F-11D3-BF4B-00C04F79EFBC}") = "Model", "Model\Model.csproj", "{2BAC6FF1-87F1-4844-ABF6-B0CD98634539}"
EndProject
Project("{FAE04EC0-301F-11D3-BF4B-00C04F79EFBC}") = "BusinessLogic", "BusinessLogic\BusinessLogic.csproj", "{78048254-7972-4E0E-ACAC-AB2FE8A63F29}"
EndProject
Global
	GlobalSection(SolutionConfigurationPlatforms) = preSolution
		Debug|Any CPU = Debug|Any CPU
		Release|Any CPU = Release|Any CPU
	EndGlobalSection
	GlobalSection(ProjectConfigurationPlatforms) = postSolution
		{1D321C55-9602-435A-93ED-084D43B7D308}.Debug|Any CPU.ActiveCfg = Debug|Any CPU
		{1D321C55-9602-435A-93ED-084D43B7D308}.Debug|Any CPU.Build.0 = Debug|Any CPU
		{1D321C55-9602-435A-93ED-084D43B7D308}.Release|Any CPU.ActiveCfg = Release|Any CPU
		{1D321C55-9602-435A-93ED-084D43B7D308}.Release|Any CPU.Build.0 = Release|Any CPU
		{725F1D2E-0052-47CD-9D90-0E6CBF0A113A}.Debug|Any CPU.ActiveCfg = Debug|Any CPU
		{725F1D2E-0052-47CD-9D90-0E6CBF0A113A}.Debug|Any CPU.Build.0 = Debug|Any CPU
		{725F1D2E-0052-47CD-9D90-0E6CBF0A113A}.Release|Any CPU.ActiveCfg = Release|Any CPU
		{725F1D2E-0052-47CD-9D90-0E6CBF0A113A}.Release|Any CPU.Build.0 = Release|Any CPU
		{2BAC6FF1-87F1-4844-ABF6-B0CD98634539}.Debug|Any CPU.ActiveCfg = Debug|Any CPU
		{2BAC6FF1-87F1-4844-ABF6-B0CD98634539}.Debug|Any CPU.Build.0 = Debug|Any CPU
		{2BAC6FF1-87F1-4844-ABF6-B0CD98634539}.Release|Any CPU.ActiveCfg = Release|Any CPU
		{2BAC6FF1-87F1-4844-ABF6-B0CD98634539}.Release|Any CPU.Build.0 = Release|Any CPU
		{78048254-7972-4E0E-ACAC-AB2FE8A63F29}.Debug|Any CPU.ActiveCfg = Debug|Any CPU
		{78048254-7972-4E0E-ACAC-AB2FE8A63F29}.Debug|Any CPU.Build.0 = Debug|Any CPU
		{78048254-7972-4E0E-ACAC-AB2FE8A63F29}.Release|Any CPU.ActiveCfg = Release|Any CPU
		{78048254-7972-4E0E-ACAC-AB2FE8A63F29}.Release|Any CPU.Build.0 = Release|Any CPU
	EndGlobalSection
	GlobalSection(SolutionProperties) = preSolution
		HideSolutionNode = FALSE
	EndGlobalSection
	GlobalSection(ExtensibilityGlobals) = postSolution
		SolutionGuid = {5205D8A7-F3DE-49EA-9302-11C762AECA67}
	EndGlobalSection
EndGlobal
